// !$*UTF8*$!
{
	archiveVersion = 1;
	classes = {
	};
	objectVersion = 48;
	objects = {

/* Begin PBXBuildFile section */
		65ACC2221F30EA4300409BF4 /* AppDelegate.swift in Sources */ = {isa = PBXBuildFile; fileRef = 65ACC2211F30EA4300409BF4 /* AppDelegate.swift */; };
		65ACC2241F30EA4300409BF4 /* ViewController.swift in Sources */ = {isa = PBXBuildFile; fileRef = 65ACC2231F30EA4300409BF4 /* ViewController.swift */; };
		65ACC2271F30EA4300409BF4 /* Main.storyboard in Resources */ = {isa = PBXBuildFile; fileRef = 65ACC2251F30EA4300409BF4 /* Main.storyboard */; };
		65ACC22A1F30EA4300409BF4 /* Scavenger_Hunt.xcdatamodeld in Sources */ = {isa = PBXBuildFile; fileRef = 65ACC2281F30EA4300409BF4 /* Scavenger_Hunt.xcdatamodeld */; };
		65ACC22C1F30EA4300409BF4 /* Assets.xcassets in Resources */ = {isa = PBXBuildFile; fileRef = 65ACC22B1F30EA4300409BF4 /* Assets.xcassets */; };
		65ACC22F1F30EA4300409BF4 /* LaunchScreen.storyboard in Resources */ = {isa = PBXBuildFile; fileRef = 65ACC22D1F30EA4300409BF4 /* LaunchScreen.storyboard */; };
/* End PBXBuildFile section */

/* Begin PBXFileReference section */
		65ACC21E1F30EA4300409BF4 /* Scavenger Hunt.app */ = {isa = PBXFileReference; explicitFileType = wrapper.application; includeInIndex = 0; path = "Scavenger Hunt.app"; sourceTree = BUILT_PRODUCTS_DIR; };
		65ACC2211F30EA4300409BF4 /* AppDelegate.swift */ = {isa = PBXFileReference; lastKnownFileType = sourcecode.swift; path = AppDelegate.swift; sourceTree = "<group>"; };
		65ACC2231F30EA4300409BF4 /* ViewController.swift */ = {isa = PBXFileReference; lastKnownFileType = sourcecode.swift; path = ViewController.swift; sourceTree = "<group>"; };
		65ACC2261F30EA4300409BF4 /* Base */ = {isa = PBXFileReference; lastKnownFileType = file.storyboard; name = Base; path = Base.lproj/Main.storyboard; sourceTree = "<group>"; };
		65ACC2291F30EA4300409BF4 /* Scavenger_Hunt.xcdatamodel */ = {isa = PBXFileReference; lastKnownFileType = wrapper.xcdatamodel; path = Scavenger_Hunt.xcdatamodel; sourceTree = "<group>"; };
		65ACC22B1F30EA4300409BF4 /* Assets.xcassets */ = {isa = PBXFileReference; lastKnownFileType = folder.assetcatalog; path = Assets.xcassets; sourceTree = "<group>"; };
		65ACC22E1F30EA4300409BF4 /* Base */ = {isa = PBXFileReference; lastKnownFileType = file.storyboard; name = Base; path = Base.lproj/LaunchScreen.storyboard; sourceTree = "<group>"; };
		65ACC2301F30EA4300409BF4 /* Info.plist */ = {isa = PBXFileReference; lastKnownFileType = text.plist.xml; path = Info.plist; sourceTree = "<group>"; };
/* End PBXFileReference section */

/* Begin PBXFrameworksBuildPhase section */
		65ACC21B1F30EA4200409BF4 /* Frameworks */ = {
			isa = PBXFrameworksBuildPhase;
			buildActionMask = 2147483647;
			files = (
			);
			runOnlyForDeploymentPostprocessing = 0;
		};
/* End PBXFrameworksBuildPhase section */

/* Begin PBXGroup section */
		65ACC2151F30EA4200409BF4 = {
			isa = PBXGroup;
			children = (
				65ACC2201F30EA4300409BF4 /* Scavenger Hunt */,
				65ACC21F1F30EA4300409BF4 /* Products */,
			);
			sourceTree = "<group>";
		};
		65ACC21F1F30EA4300409BF4 /* Products */ = {
			isa = PBXGroup;
			children = (
				65ACC21E1F30EA4300409BF4 /* Scavenger Hunt.app */,
			);
			name = Products;
			sourceTree = "<group>";
		};
		65ACC2201F30EA4300409BF4 /* Scavenger Hunt */ = {
			isa = PBXGroup;
			children = (
				65ACC2211F30EA4300409BF4 /* AppDelegate.swift */,
				65ACC2231F30EA4300409BF4 /* ViewController.swift */,
				65ACC2251F30EA4300409BF4 /* Main.storyboard */,
				65ACC22B1F30EA4300409BF4 /* Assets.xcassets */,
				65ACC22D1F30EA4300409BF4 /* LaunchScreen.storyboard */,
				65ACC2301F30EA4300409BF4 /* Info.plist */,
				65ACC2281F30EA4300409BF4 /* Scavenger_Hunt.xcdatamodeld */,
			);
			path = "Scavenger Hunt";
			sourceTree = "<group>";
		};
/* End PBXGroup section */

/* Begin PBXNativeTarget section */
		65ACC21D1F30EA4200409BF4 /* Scavenger Hunt */ = {
			isa = PBXNativeTarget;
			buildConfigurationList = 65ACC2331F30EA4300409BF4 /* Build configuration list for PBXNativeTarget "Scavenger Hunt" */;
			buildPhases = (
				65ACC21A1F30EA4200409BF4 /* Sources */,
				65ACC21B1F30EA4200409BF4 /* Frameworks */,
				65ACC21C1F30EA4200409BF4 /* Resources */,
			);
			buildRules = (
			);
			dependencies = (
			);
			name = "Scavenger Hunt";
			productName = "Scavenger Hunt";
			productReference = 65ACC21E1F30EA4300409BF4 /* Scavenger Hunt.app */;
			productType = "com.apple.product-type.application";
		};
/* End PBXNativeTarget section */

/* Begin PBXProject section */
		65ACC2161F30EA4200409BF4 /* Project object */ = {
			isa = PBXProject;
			attributes = {
				LastSwiftUpdateCheck = 0900;
				LastUpgradeCheck = 0900;
				ORGANIZATIONNAME = "Jason Stiesi";
				TargetAttributes = {
					65ACC21D1F30EA4200409BF4 = {
						CreatedOnToolsVersion = 9.0;
					};
				};
			};
			buildConfigurationList = 65ACC2191F30EA4200409BF4 /* Build configuration list for PBXProject "Scavenger Hunt" */;
			compatibilityVersion = "Xcode 8.0";
			developmentRegion = en;
			hasScannedForEncodings = 0;
			knownRegions = (
				en,
				Base,
			);
			mainGroup = 65ACC2151F30EA4200409BF4;
			productRefGroup = 65ACC21F1F30EA4300409BF4 /* Products */;
			projectDirPath = "";
			projectRoot = "";
			targets = (
				65ACC21D1F30EA4200409BF4 /* Scavenger Hunt */,
			);
		};
/* End PBXProject section */

/* Begin PBXResourcesBuildPhase section */
		65ACC21C1F30EA4200409BF4 /* Resources */ = {
			isa = PBXResourcesBuildPhase;
			buildActionMask = 2147483647;
			files = (
				65ACC22F1F30EA4300409BF4 /* LaunchScreen.storyboard in Resources */,
				65ACC22C1F30EA4300409BF4 /* Assets.xcassets in Resources */,
				65ACC2271F30EA4300409BF4 /* Main.storyboard in Resources */,
			);
			runOnlyForDeploymentPostprocessing = 0;
		};
/* End PBXResourcesBuildPhase section */

/* Begin PBXSourcesBuildPhase section */
		65ACC21A1F30EA4200409BF4 /* Sources */ = {
			isa = PBXSourcesBuildPhase;
			buildActionMask = 2147483647;
			files = (
				65ACC2241F30EA4300409BF4 /* ViewController.swift in Sources */,
				65ACC22A1F30EA4300409BF4 /* Scavenger_Hunt.xcdatamodeld in Sources */,
				65ACC2221F30EA4300409BF4 /* AppDelegate.swift in Sources */,
			);
			runOnlyForDeploymentPostprocessing = 0;
		};
/* End PBXSourcesBuildPhase section */

/* Begin PBXVariantGroup section */
		65ACC2251F30EA4300409BF4 /* Main.storyboard */ = {
			isa = PBXVariantGroup;
			children = (
				65ACC2261F30EA4300409BF4 /* Base */,
			);
			name = Main.storyboard;
			sourceTree = "<group>";
		};
		65ACC22D1F30EA4300409BF4 /* LaunchScreen.storyboard */ = {
			isa = PBXVariantGroup;
			children = (
				65ACC22E1F30EA4300409BF4 /* Base */,
			);
			name = LaunchScreen.storyboard;
			sourceTree = "<group>";
		};
/* End PBXVariantGroup section */

/* Begin XCBuildConfiguration section */
		65ACC2311F30EA4300409BF4 /* Debug */ = {
			isa = XCBuildConfiguration;
			buildSettings = {
				ALWAYS_SEARCH_USER_PATHS = NO;
				CLANG_ANALYZER_NONNULL = YES;
				CLANG_ANALYZER_NUMBER_OBJECT_CONVERSION = YES_AGGRESSIVE;
				CLANG_CXX_LANGUAGE_STANDARD = "gnu++14";
				CLANG_CXX_LIBRARY = "libc++";
				CLANG_ENABLE_MODULES = YES;
				CLANG_ENABLE_OBJC_ARC = YES;
				CLANG_WARN_BLOCK_CAPTURE_AUTORELEASING = YES;
				CLANG_WARN_BOOL_CONVERSION = YES;
				CLANG_WARN_COMMA = YES;
				CLANG_WARN_CONSTANT_CONVERSION = YES;
				CLANG_WARN_DIRECT_OBJC_ISA_USAGE = YES_ERROR;
				CLANG_WARN_DOCUMENTATION_COMMENTS = YES;
				CLANG_WARN_EMPTY_BODY = YES;
				CLANG_WARN_ENUM_CONVERSION = YES;
				CLANG_WARN_INFINITE_RECURSION = YES;
				CLANG_WARN_INT_CONVERSION = YES;
				CLANG_WARN_OBJC_ROOT_CLASS = YES_ERROR;
				CLANG_WARN_RANGE_LOOP_ANALYSIS = YES;
				CLANG_WARN_STRICT_PROTOTYPES = YES;
				CLANG_WARN_SUSPICIOUS_MOVE = YES;
				CLANG_WARN_UNGUARDED_AVAILABILITY = YES_AGGRESSIVE;
				CLANG_WARN_UNREACHABLE_CODE = YES;
				CLANG_WARN__DUPLICATE_METHOD_MATCH = YES;
				CODE_SIGN_IDENTITY = "iPhone Developer";
				COPY_PHASE_STRIP = NO;
				DEBUG_INFORMATION_FORMAT = dwarf;
				ENABLE_STRICT_OBJC_MSGSEND = YES;
				ENABLE_TESTABILITY = YES;
				GCC_C_LANGUAGE_STANDARD = gnu11;
				GCC_DYNAMIC_NO_PIC = NO;
				GCC_NO_COMMON_BLOCKS = YES;
				GCC_OPTIMIZATION_LEVEL = 0;
				GCC_PREPROCESSOR_DEFINITIONS = (
					"DEBUG=1",
					"$(inherited)",
				);
				GCC_WARN_64_TO_32_BIT_CONVERSION = YES;
				GCC_WARN_ABOUT_RETURN_TYPE = YES_ERROR;
				GCC_WARN_UNDECLARED_SELECTOR = YES;
				GCC_WARN_UNINITIALIZED_AUTOS = YES_AGGRESSIVE;
				GCC_WARN_UNUSED_FUNCTION = YES;
				GCC_WARN_UNUSED_VARIABLE = YES;
				IPHONEOS_DEPLOYMENT_TARGET = 11.0;
				MTL_ENABLE_DEBUG_INFO = YES;
				ONLY_ACTIVE_ARCH = YES;
				SDKROOT = iphoneos;
				SWIFT_ACTIVE_COMPILATION_CONDITIONS = DEBUG;
				SWIFT_OPTIMIZATION_LEVEL = "-Onone";
			};
			name = Debug;
		};
		65ACC2321F30EA4300409BF4 /* Release */ = {
			isa = XCBuildConfiguration;
			buildSettings = {
				ALWAYS_SEARCH_USER_PATHS = NO;
				CLANG_ANALYZER_NONNULL = YES;
				CLANG_ANALYZER_NUMBER_OBJECT_CONVERSION = YES_AGGRESSIVE;
				CLANG_CXX_LANGUAGE_STANDARD = "gnu++14";
				CLANG_CXX_LIBRARY = "libc++";
				CLANG_ENABLE_MODULES = YES;
				CLANG_ENABLE_OBJC_ARC = YES;
				CLANG_WARN_BLOCK_CAPTURE_AUTORELEASING = YES;
				CLANG_WARN_BOOL_CONVERSION = YES;
				CLANG_WARN_COMMA = YES;
				CLANG_WARN_CONSTANT_CONVERSION = YES;
				CLANG_WARN_DIRECT_OBJC_ISA_USAGE = YES_ERROR;
				CLANG_WARN_DOCUMENTATION_COMMENTS = YES;
				CLANG_WARN_EMPTY_BODY = YES;
				CLANG_WARN_ENUM_CONVERSION = YES;
				CLANG_WARN_INFINITE_RECURSION = YES;
				CLANG_WARN_INT_CONVERSION = YES;
				CLANG_WARN_OBJC_ROOT_CLASS = YES_ERROR;
				CLANG_WARN_RANGE_LOOP_ANALYSIS = YES;
				CLANG_WARN_STRICT_PROTOTYPES = YES;
				CLANG_WARN_SUSPICIOUS_MOVE = YES;
				CLANG_WARN_UNGUARDED_AVAILABILITY = YES_AGGRESSIVE;
				CLANG_WARN_UNREACHABLE_CODE = YES;
				CLANG_WARN__DUPLICATE_METHOD_MATCH = YES;
				CODE_SIGN_IDENTITY = "iPhone Developer";
				COPY_PHASE_STRIP = NO;
				DEBUG_INFORMATION_FORMAT = "dwarf-with-dsym";
				ENABLE_NS_ASSERTIONS = NO;
				ENABLE_STRICT_OBJC_MSGSEND = YES;
				GCC_C_LANGUAGE_STANDARD = gnu11;
				GCC_NO_COMMON_BLOCKS = YES;
				GCC_WARN_64_TO_32_BIT_CONVERSION = YES;
				GCC_WARN_ABOUT_RETURN_TYPE = YES_ERROR;
				GCC_WARN_UNDECLARED_SELECTOR = YES;
				GCC_WARN_UNINITIALIZED_AUTOS = YES_AGGRESSIVE;
				GCC_WARN_UNUSED_FUNCTION = YES;
				GCC_WARN_UNUSED_VARIABLE = YES;
				IPHONEOS_DEPLOYMENT_TARGET = 11.0;
				MTL_ENABLE_DEBUG_INFO = NO;
				SDKROOT = iphoneos;
				SWIFT_OPTIMIZATION_LEVEL = "-Owholemodule";
				VALIDATE_PRODUCT = YES;
			};
			name = Release;
		};
		65ACC2341F30EA4300409BF4 /* Debug */ = {
			isa = XCBuildConfiguration;
			buildSettings = {
				ASSETCATALOG_COMPILER_APPICON_NAME = AppIcon;
				INFOPLIST_FILE = "Scavenger Hunt/Info.plist";
				LD_RUNPATH_SEARCH_PATHS = "$(inherited) @executable_path/Frameworks";
				PRODUCT_BUNDLE_IDENTIFIER = "com.Jason.Scavenger-Hunt";
				PRODUCT_NAME = "$(TARGET_NAME)";
				SWIFT_VERSION = 4.0;
				TARGETED_DEVICE_FAMILY = "1,2";
			};
			name = Debug;
		};
		65ACC2351F30EA4300409BF4 /* Release */ = {
			isa = XCBuildConfiguration;
			buildSettings = {
				ASSETCATALOG_COMPILER_APPICON_NAME = AppIcon;
				INFOPLIST_FILE = "Scavenger Hunt/Info.plist";
				LD_RUNPATH_SEARCH_PATHS = "$(inherited) @executable_path/Frameworks";
				PRODUCT_BUNDLE_IDENTIFIER = "com.Jason.Scavenger-Hunt";
				PRODUCT_NAME = "$(TARGET_NAME)";
				SWIFT_VERSION = 4.0;
				TARGETED_DEVICE_FAMILY = "1,2";
			};
			name = Release;
		};
/* End XCBuildConfiguration section */

/* Begin XCConfigurationList section */
		65ACC2191F30EA4200409BF4 /* Build configuration list for PBXProject "Scavenger Hunt" */ = {
			isa = XCConfigurationList;
			buildConfigurations = (
				65ACC2311F30EA4300409BF4 /* Debug */,
				65ACC2321F30EA4300409BF4 /* Release */,
			);
			defaultConfigurationIsVisible = 0;
			defaultConfigurationName = Release;
		};
		65ACC2331F30EA4300409BF4 /* Build configuration list for PBXNativeTarget "Scavenger Hunt" */ = {
			isa = XCConfigurationList;
			buildConfigurations = (
				65ACC2341F30EA4300409BF4 /* Debug */,
				65ACC2351F30EA4300409BF4 /* Release */,
			);
			defaultConfigurationIsVisible = 0;
		};
/* End XCConfigurationList section */

/* Begin XCVersionGroup section */
		65ACC2281F30EA4300409BF4 /* Scavenger_Hunt.xcdatamodeld */ = {
			isa = XCVersionGroup;
			children = (
				65ACC2291F30EA4300409BF4 /* Scavenger_Hunt.xcdatamodel */,
			);
			currentVersion = 65ACC2291F30EA4300409BF4 /* Scavenger_Hunt.xcdatamodel */;
			path = Scavenger_Hunt.xcdatamodeld;
			sourceTree = "<group>";
			versionGroupType = wrapper.xcdatamodel;
		};
/* End XCVersionGroup section */
	};
	rootObject = 65ACC2161F30EA4200409BF4 /* Project object */;
}
